
Microsoft Visual Studio Solution File, Format Version 12.00
# Visual Studio Version 17
VisualStudioVersion = 17.14.36811.4 d17.14
MinimumVisualStudioVersion = 10.0.40219.1
Project("{FAE04EC0-301F-11D3-BF4B-00C04F79EFBC}") = "ConsoleApp9", "ConsoleApp9\ConsoleApp9.csproj", "{FCB05975-B9D9-448C-93DD-C507FC376C5B}"
EndProject
Global
	GlobalSection(SolutionConfigurationPlatforms) = preSolution
		Debug|Any CPU = Debug|Any CPU
		Release|Any CPU = Release|Any CPU
	EndGlobalSection
	GlobalSection(ProjectConfigurationPlatforms) = postSolution
		{FCB05975-B9D9-448C-93DD-C507FC376C5B}.Debug|Any CPU.ActiveCfg = Debug|Any CPU
		{FCB05975-B9D9-448C-93DD-C507FC376C5B}.Debug|Any CPU.Build.0 = Debug|Any CPU
		{FCB05975-B9D9-448C-93DD-C507FC376C5B}.Release|Any CPU.ActiveCfg = Release|Any CPU
		{FCB05975-B9D9-448C-93DD-C507FC376C5B}.Release|Any CPU.Build.0 = Release|Any CPU
	EndGlobalSection
	GlobalSection(SolutionProperties) = preSolution
		HideSolutionNode = FALSE
	EndGlobalSection
	GlobalSection(ExtensibilityGlobals) = postSolution
		SolutionGuid = {5DC9540A-39CE-46B3-A879-132D4A90C3D7}
	EndGlobalSection
EndGlobal
